
Microsoft Visual Studio Solution File, Format Version 12.00
# Visual Studio Version 17
VisualStudioVersion = 17.13.35818.85 d17.13
MinimumVisualStudioVersion = 10.0.40219.1
Project("{FAE04EC0-301F-11D3-BF4B-00C04F79EFBC}") = "StudentServicesMarketplace", "StudentServicesMarketplace.csproj", "{39314438-5DD3-F287-E6AE-35E2D406CB9E}"
EndProject
Global
	GlobalSection(SolutionConfigurationPlatforms) = preSolution
		Debug|Any CPU = Debug|Any CPU
		Release|Any CPU = Release|Any CPU
	EndGlobalSection
	GlobalSection(ProjectConfigurationPlatforms) = postSolution
		{39314438-5DD3-F287-E6AE-35E2D406CB9E}.Debug|Any CPU.ActiveCfg = Debug|Any CPU
		{39314438-5DD3-F287-E6AE-35E2D406CB9E}.Debug|Any CPU.Build.0 = Debug|Any CPU
		{39314438-5DD3-F287-E6AE-35E2D406CB9E}.Release|Any CPU.ActiveCfg = Release|Any CPU
		{39314438-5DD3-F287-E6AE-35E2D406CB9E}.Release|Any CPU.Build.0 = Release|Any CPU
	EndGlobalSection
	GlobalSection(SolutionProperties) = preSolution
		HideSolutionNode = FALSE
	EndGlobalSection
	GlobalSection(ExtensibilityGlobals) = postSolution
		SolutionGuid = {4BF48592-B162-4C86-92A3-D717704657AC}
	EndGlobalSection
EndGlobal
